
Microsoft Visual Studio Solution File, Format Version 12.00
# Visual Studio 15
VisualStudioVersion = 15.0.28010.2026
MinimumVisualStudioVersion = 10.0.40219.1
Project("{FAE04EC0-301F-11D3-BF4B-00C04F79EFBC}") = "MVC_Movies", "MVC_Movies\MVC_Movies.csproj", "{F476A591-95A0-48CD-9903-EE9B00746619}"
EndProject
Global
	GlobalSection(SolutionConfigurationPlatforms) = preSolution
		Debug|Any CPU = Debug|Any CPU
		Release|Any CPU = Release|Any CPU
	EndGlobalSection
	GlobalSection(ProjectConfigurationPlatforms) = postSolution
		{F476A591-95A0-48CD-9903-EE9B00746619}.Debug|Any CPU.ActiveCfg = Debug|Any CPU
		{F476A591-95A0-48CD-9903-EE9B00746619}.Debug|Any CPU.Build.0 = Debug|Any CPU
		{F476A591-95A0-48CD-9903-EE9B00746619}.Release|Any CPU.ActiveCfg = Release|Any CPU
		{F476A591-95A0-48CD-9903-EE9B00746619}.Release|Any CPU.Build.0 = Release|Any CPU
	EndGlobalSection
	GlobalSection(SolutionProperties) = preSolution
		HideSolutionNode = FALSE
	EndGlobalSection
	GlobalSection(ExtensibilityGlobals) = postSolution
		SolutionGuid = {913BE1BF-2307-4F25-9200-57449B500C0C}
	EndGlobalSection
EndGlobal
